
Microsoft Visual Studio Solution File, Format Version 12.00
# Visual Studio Version 17
VisualStudioVersion = 17.8.34330.188
MinimumVisualStudioVersion = 10.0.40219.1
Project("{9A19103F-16F7-4668-BE54-9A1E7A4F7556}") = "EventEmitter", "EventEmitter\EventEmitter.csproj", "{A1BC25BC-CD3D-46F2-830A-81483BB115E5}"
EndProject
Project("{9A19103F-16F7-4668-BE54-9A1E7A4F7556}") = "Shared", "Shared\Shared.csproj", "{1297B33B-FA18-4D6F-99D5-3612EC0CD928}"
EndProject
Project("{FAE04EC0-301F-11D3-BF4B-00C04F79EFBC}") = "SampleFunctionApp", "SampleFunctionApp\SampleFunctionApp.csproj", "{778542FE-B01E-4CA8-B1A6-158B285D036F}"
EndProject
Global
	GlobalSection(SolutionConfigurationPlatforms) = preSolution
		Debug|Any CPU = Debug|Any CPU
		Release|Any CPU = Release|Any CPU
	EndGlobalSection
	GlobalSection(ProjectConfigurationPlatforms) = postSolution
		{A1BC25BC-CD3D-46F2-830A-81483BB115E5}.Debug|Any CPU.ActiveCfg = Debug|Any CPU
		{A1BC25BC-CD3D-46F2-830A-81483BB115E5}.Debug|Any CPU.Build.0 = Debug|Any CPU
		{A1BC25BC-CD3D-46F2-830A-81483BB115E5}.Release|Any CPU.ActiveCfg = Release|Any CPU
		{A1BC25BC-CD3D-46F2-830A-81483BB115E5}.Release|Any CPU.Build.0 = Release|Any CPU
		{1297B33B-FA18-4D6F-99D5-3612EC0CD928}.Debug|Any CPU.ActiveCfg = Debug|Any CPU
		{1297B33B-FA18-4D6F-99D5-3612EC0CD928}.Debug|Any CPU.Build.0 = Debug|Any CPU
		{1297B33B-FA18-4D6F-99D5-3612EC0CD928}.Release|Any CPU.ActiveCfg = Release|Any CPU
		{1297B33B-FA18-4D6F-99D5-3612EC0CD928}.Release|Any CPU.Build.0 = Release|Any CPU
		{778542FE-B01E-4CA8-B1A6-158B285D036F}.Debug|Any CPU.ActiveCfg = Debug|Any CPU
		{778542FE-B01E-4CA8-B1A6-158B285D036F}.Debug|Any CPU.Build.0 = Debug|Any CPU
		{778542FE-B01E-4CA8-B1A6-158B285D036F}.Release|Any CPU.ActiveCfg = Release|Any CPU
		{778542FE-B01E-4CA8-B1A6-158B285D036F}.Release|Any CPU.Build.0 = Release|Any CPU
	EndGlobalSection
	GlobalSection(SolutionProperties) = preSolution
		HideSolutionNode = FALSE
	EndGlobalSection
	GlobalSection(ExtensibilityGlobals) = postSolution
		SolutionGuid = {3AC1F627-300E-4D2E-BCDF-D0244F70891F}
	EndGlobalSection
EndGlobal
